// !$*UTF8*$!
{
	archiveVersion = 1;
	classes = {
	};
	objectVersion = 56;
	objects = {

/* Begin PBXBuildFile section */
		3B0CA95628EFDA2D0065D5B5 /* DateFormatHelper.swift in Sources */ = {isa = PBXBuildFile; fileRef = 3B0CA95528EFDA2D0065D5B5 /* DateFormatHelper.swift */; };
		3B26F7E128F7BBFD00FAC837 /* DatabaseHelper.swift in Sources */ = {isa = PBXBuildFile; fileRef = 3B26F7E028F7BBFD00FAC837 /* DatabaseHelper.swift */; };
		3B26F7E528F7BDC000FAC837 /* DatabaseHelper+Budget.swift in Sources */ = {isa = PBXBuildFile; fileRef = 3B26F7E428F7BDC000FAC837 /* DatabaseHelper+Budget.swift */; };
		3B26F7E728F7BDCF00FAC837 /* DatabaseHelper+Constants.swift in Sources */ = {isa = PBXBuildFile; fileRef = 3B26F7E628F7BDCF00FAC837 /* DatabaseHelper+Constants.swift */; };
		3B26F7E928F7BEF000FAC837 /* DatabaseHelper+Goal.swift in Sources */ = {isa = PBXBuildFile; fileRef = 3B26F7E828F7BEF000FAC837 /* DatabaseHelper+Goal.swift */; };
		3B26F7EB28F7BF0600FAC837 /* DatabaseHelper+Transaction.swift in Sources */ = {isa = PBXBuildFile; fileRef = 3B26F7EA28F7BF0600FAC837 /* DatabaseHelper+Transaction.swift */; };
		3B9A749328EFD78E00AA2725 /* DoubleToStringHelper.swift in Sources */ = {isa = PBXBuildFile; fileRef = 3B9A749228EFD78E00AA2725 /* DoubleToStringHelper.swift */; };
		3BEE733228EFE2A600D05267 /* CurrencyHelper.swift in Sources */ = {isa = PBXBuildFile; fileRef = 3BEE733128EFE2A600D05267 /* CurrencyHelper.swift */; };
		CA21B0BD28EDCD8400E59539 /* Controller.swift in Sources */ = {isa = PBXBuildFile; fileRef = CA21B0BC28EDCD8400E59539 /* Controller.swift */; };
		CA21B0C028EDCDB700E59539 /* Components.swift in Sources */ = {isa = PBXBuildFile; fileRef = CA21B0BF28EDCDB700E59539 /* Components.swift */; };
		CA2AB4BB28F85F28002663AE /* NetworkManager.swift in Sources */ = {isa = PBXBuildFile; fileRef = CA2AB4B928F85F28002663AE /* NetworkManager.swift */; };
		CA2AB4BC28F85F28002663AE /* NetworkService.swift in Sources */ = {isa = PBXBuildFile; fileRef = CA2AB4BA28F85F28002663AE /* NetworkService.swift */; };
		CA2AB4C328F86093002663AE /* InflationEndPoint.swift in Sources */ = {isa = PBXBuildFile; fileRef = CA2AB4C228F86093002663AE /* InflationEndPoint.swift */; };
		CA634A6F28FD1FF2001A08D2 /* InflationNetworkModel.swift in Sources */ = {isa = PBXBuildFile; fileRef = CA634A6E28FD1FF2001A08D2 /* InflationNetworkModel.swift */; };
		CA634A742900EE1C001A08D2 /* UserDefaultEnum.swift in Sources */ = {isa = PBXBuildFile; fileRef = CA634A732900EE1C001A08D2 /* UserDefaultEnum.swift */; };
		FA2E29DC29039A8B0083587D /* Button.swift in Sources */ = {isa = PBXBuildFile; fileRef = FA2E29DB29039A8B0083587D /* Button.swift */; };
		FA2E29DE29039AA50083587D /* TextField.swift in Sources */ = {isa = PBXBuildFile; fileRef = FA2E29DD29039AA50083587D /* TextField.swift */; };
		FA2E29EE2903A5E80083587D /* GeneralSans-Italic.otf in Resources */ = {isa = PBXBuildFile; fileRef = FA2E29E22903A5E80083587D /* GeneralSans-Italic.otf */; };
		FA2E29EF2903A5E80083587D /* GeneralSans-BoldItalic.otf in Resources */ = {isa = PBXBuildFile; fileRef = FA2E29E32903A5E80083587D /* GeneralSans-BoldItalic.otf */; };
		FA2E29F02903A5E80083587D /* GeneralSans-Light.otf in Resources */ = {isa = PBXBuildFile; fileRef = FA2E29E42903A5E80083587D /* GeneralSans-Light.otf */; };
		FA2E29F12903A5E80083587D /* GeneralSans-MediumItalic.otf in Resources */ = {isa = PBXBuildFile; fileRef = FA2E29E52903A5E80083587D /* GeneralSans-MediumItalic.otf */; };
		FA2E29F22903A5E80083587D /* GeneralSans-Semibold.otf in Resources */ = {isa = PBXBuildFile; fileRef = FA2E29E62903A5E80083587D /* GeneralSans-Semibold.otf */; };
		FA2E29F32903A5E80083587D /* GeneralSans-Extralight.otf in Resources */ = {isa = PBXBuildFile; fileRef = FA2E29E72903A5E80083587D /* GeneralSans-Extralight.otf */; };
		FA2E29F42903A5E80083587D /* GeneralSans-LightItalic.otf in Resources */ = {isa = PBXBuildFile; fileRef = FA2E29E82903A5E80083587D /* GeneralSans-LightItalic.otf */; };
		FA2E29F52903A5E80083587D /* GeneralSans-Medium.otf in Resources */ = {isa = PBXBuildFile; fileRef = FA2E29E92903A5E80083587D /* GeneralSans-Medium.otf */; };
		FA2E29F62903A5E80083587D /* GeneralSans-Regular.otf in Resources */ = {isa = PBXBuildFile; fileRef = FA2E29EA2903A5E80083587D /* GeneralSans-Regular.otf */; };
		FA2E29F72903A5E80083587D /* GeneralSans-SemiboldItalic.otf in Resources */ = {isa = PBXBuildFile; fileRef = FA2E29EB2903A5E80083587D /* GeneralSans-SemiboldItalic.otf */; };
		FA2E29F82903A5E80083587D /* GeneralSans-Bold.otf in Resources */ = {isa = PBXBuildFile; fileRef = FA2E29EC2903A5E80083587D /* GeneralSans-Bold.otf */; };
		FA2E29F92903A5E80083587D /* GeneralSans-ExtralightItalic.otf in Resources */ = {isa = PBXBuildFile; fileRef = FA2E29ED2903A5E80083587D /* GeneralSans-ExtralightItalic.otf */; };
		FA2E2A002903A95C0083587D /* UIFont+Extension.swift in Sources */ = {isa = PBXBuildFile; fileRef = FA2E29FF2903A95C0083587D /* UIFont+Extension.swift */; };
		FA2E2A022903CC280083587D /* Toggle.swift in Sources */ = {isa = PBXBuildFile; fileRef = FA2E2A012903CC280083587D /* Toggle.swift */; };
		FA2E2A042903DBE40083587D /* Checkbox.swift in Sources */ = {isa = PBXBuildFile; fileRef = FA2E2A032903DBE40083587D /* Checkbox.swift */; };
		FA2E2A0829050A2A0083587D /* Card.swift in Sources */ = {isa = PBXBuildFile; fileRef = FA2E2A0729050A2A0083587D /* Card.swift */; };
		FA2E2A0A2907CFBD0083587D /* DatePicker.swift in Sources */ = {isa = PBXBuildFile; fileRef = FA2E2A092907CFBD0083587D /* DatePicker.swift */; };
		FA2E2A0E29081B030083587D /* TextFieldViewController.swift in Sources */ = {isa = PBXBuildFile; fileRef = FA2E2A0D29081B030083587D /* TextFieldViewController.swift */; };
		FA5C969628F2695800BF3B9F /* UIView+Extension.swift in Sources */ = {isa = PBXBuildFile; fileRef = FA5C969528F2695800BF3B9F /* UIView+Extension.swift */; };
		FA5C969828F2696200BF3B9F /* UIColor+Extension.swift in Sources */ = {isa = PBXBuildFile; fileRef = FA5C969728F2696200BF3B9F /* UIColor+Extension.swift */; };
		FA9B12C128EBCF44001203F5 /* AppDelegate.swift in Sources */ = {isa = PBXBuildFile; fileRef = FA9B12C028EBCF44001203F5 /* AppDelegate.swift */; };
		FA9B12C328EBCF44001203F5 /* SceneDelegate.swift in Sources */ = {isa = PBXBuildFile; fileRef = FA9B12C228EBCF44001203F5 /* SceneDelegate.swift */; };
		FA9B12C528EBCF44001203F5 /* ViewController.swift in Sources */ = {isa = PBXBuildFile; fileRef = FA9B12C428EBCF44001203F5 /* ViewController.swift */; };
		FA9B12CB28EBCF44001203F5 /* Reeach.xcdatamodeld in Sources */ = {isa = PBXBuildFile; fileRef = FA9B12C928EBCF44001203F5 /* Reeach.xcdatamodeld */; };
		FA9B12CD28EBCF46001203F5 /* Assets.xcassets in Resources */ = {isa = PBXBuildFile; fileRef = FA9B12CC28EBCF46001203F5 /* Assets.xcassets */; };
		FA9B12D028EBCF46001203F5 /* LaunchScreen.storyboard in Resources */ = {isa = PBXBuildFile; fileRef = FA9B12CE28EBCF46001203F5 /* LaunchScreen.storyboard */; };
		FA9B12DB28EBCF46001203F5 /* ReeachTests.swift in Sources */ = {isa = PBXBuildFile; fileRef = FA9B12DA28EBCF46001203F5 /* ReeachTests.swift */; };
		FA9B12E528EBCF46001203F5 /* ReeachUITests.swift in Sources */ = {isa = PBXBuildFile; fileRef = FA9B12E428EBCF46001203F5 /* ReeachUITests.swift */; };
		FA9B12E728EBCF46001203F5 /* ReeachUITestsLaunchTests.swift in Sources */ = {isa = PBXBuildFile; fileRef = FA9B12E628EBCF46001203F5 /* ReeachUITestsLaunchTests.swift */; };
/* End PBXBuildFile section */

/* Begin PBXContainerItemProxy section */
		FA9B12D728EBCF46001203F5 /* PBXContainerItemProxy */ = {
			isa = PBXContainerItemProxy;
			containerPortal = FA9B12B528EBCF44001203F5 /* Project object */;
			proxyType = 1;
			remoteGlobalIDString = FA9B12BC28EBCF44001203F5;
			remoteInfo = Reeach;
		};
		FA9B12E128EBCF46001203F5 /* PBXContainerItemProxy */ = {
			isa = PBXContainerItemProxy;
			containerPortal = FA9B12B528EBCF44001203F5 /* Project object */;
			proxyType = 1;
			remoteGlobalIDString = FA9B12BC28EBCF44001203F5;
			remoteInfo = Reeach;
		};
/* End PBXContainerItemProxy section */

/* Begin PBXFileReference section */
		3B0CA95528EFDA2D0065D5B5 /* DateFormatHelper.swift */ = {isa = PBXFileReference; fileEncoding = 4; lastKnownFileType = sourcecode.swift; path = DateFormatHelper.swift; sourceTree = "<group>"; };
		3B26F7E028F7BBFD00FAC837 /* DatabaseHelper.swift */ = {isa = PBXFileReference; lastKnownFileType = sourcecode.swift; path = DatabaseHelper.swift; sourceTree = "<group>"; };
		3B26F7E428F7BDC000FAC837 /* DatabaseHelper+Budget.swift */ = {isa = PBXFileReference; lastKnownFileType = sourcecode.swift; path = "DatabaseHelper+Budget.swift"; sourceTree = "<group>"; };
		3B26F7E628F7BDCF00FAC837 /* DatabaseHelper+Constants.swift */ = {isa = PBXFileReference; lastKnownFileType = sourcecode.swift; path = "DatabaseHelper+Constants.swift"; sourceTree = "<group>"; };
		3B26F7E828F7BEF000FAC837 /* DatabaseHelper+Goal.swift */ = {isa = PBXFileReference; lastKnownFileType = sourcecode.swift; path = "DatabaseHelper+Goal.swift"; sourceTree = "<group>"; };
		3B26F7EA28F7BF0600FAC837 /* DatabaseHelper+Transaction.swift */ = {isa = PBXFileReference; lastKnownFileType = sourcecode.swift; path = "DatabaseHelper+Transaction.swift"; sourceTree = "<group>"; };
		3B9A749228EFD78E00AA2725 /* DoubleToStringHelper.swift */ = {isa = PBXFileReference; fileEncoding = 4; lastKnownFileType = sourcecode.swift; path = DoubleToStringHelper.swift; sourceTree = "<group>"; };
		3BEE733128EFE2A600D05267 /* CurrencyHelper.swift */ = {isa = PBXFileReference; fileEncoding = 4; lastKnownFileType = sourcecode.swift; path = CurrencyHelper.swift; sourceTree = "<group>"; };
		3BF624AC28FFC0BB00923D57 /* Budget+CoreDataClass.swift */ = {isa = PBXFileReference; lastKnownFileType = sourcecode.swift; path = "Budget+CoreDataClass.swift"; sourceTree = "<group>"; };
		3BF624AD28FFC0BC00923D57 /* Budget+CoreDataProperties.swift */ = {isa = PBXFileReference; lastKnownFileType = sourcecode.swift; path = "Budget+CoreDataProperties.swift"; sourceTree = "<group>"; };
		3BF624AE28FFC0BC00923D57 /* Transaction+CoreDataClass.swift */ = {isa = PBXFileReference; lastKnownFileType = sourcecode.swift; path = "Transaction+CoreDataClass.swift"; sourceTree = "<group>"; };
		3BF624AF28FFC0BC00923D57 /* Transaction+CoreDataProperties.swift */ = {isa = PBXFileReference; lastKnownFileType = sourcecode.swift; path = "Transaction+CoreDataProperties.swift"; sourceTree = "<group>"; };
		3BF624B028FFC0BC00923D57 /* Goal+CoreDataClass.swift */ = {isa = PBXFileReference; lastKnownFileType = sourcecode.swift; path = "Goal+CoreDataClass.swift"; sourceTree = "<group>"; };
		3BF624B128FFC0BC00923D57 /* Goal+CoreDataProperties.swift */ = {isa = PBXFileReference; lastKnownFileType = sourcecode.swift; path = "Goal+CoreDataProperties.swift"; sourceTree = "<group>"; };
		3BF624B228FFC0BC00923D57 /* Category+CoreDataClass.swift */ = {isa = PBXFileReference; lastKnownFileType = sourcecode.swift; path = "Category+CoreDataClass.swift"; sourceTree = "<group>"; };
		3BF624B328FFC0BC00923D57 /* Category+CoreDataProperties.swift */ = {isa = PBXFileReference; lastKnownFileType = sourcecode.swift; path = "Category+CoreDataProperties.swift"; sourceTree = "<group>"; };
		CA21B0BC28EDCD8400E59539 /* Controller.swift */ = {isa = PBXFileReference; lastKnownFileType = sourcecode.swift; path = Controller.swift; sourceTree = "<group>"; };
		CA21B0BF28EDCDB700E59539 /* Components.swift */ = {isa = PBXFileReference; lastKnownFileType = sourcecode.swift; path = Components.swift; sourceTree = "<group>"; };
		CA2AB4B928F85F28002663AE /* NetworkManager.swift */ = {isa = PBXFileReference; fileEncoding = 4; lastKnownFileType = sourcecode.swift; path = NetworkManager.swift; sourceTree = "<group>"; };
		CA2AB4BA28F85F28002663AE /* NetworkService.swift */ = {isa = PBXFileReference; fileEncoding = 4; lastKnownFileType = sourcecode.swift; path = NetworkService.swift; sourceTree = "<group>"; };
		CA2AB4C228F86093002663AE /* InflationEndPoint.swift */ = {isa = PBXFileReference; lastKnownFileType = sourcecode.swift; path = InflationEndPoint.swift; sourceTree = "<group>"; };
		CA634A6E28FD1FF2001A08D2 /* InflationNetworkModel.swift */ = {isa = PBXFileReference; lastKnownFileType = sourcecode.swift; name = InflationNetworkModel.swift; path = Reeach/Model/InflationNetworkModel.swift; sourceTree = SOURCE_ROOT; };
		CA634A732900EE1C001A08D2 /* UserDefaultEnum.swift */ = {isa = PBXFileReference; lastKnownFileType = sourcecode.swift; path = UserDefaultEnum.swift; sourceTree = "<group>"; };
		FA2E29DA29039A470083587D /* Reeach.app */ = {isa = PBXFileReference; explicitFileType = wrapper.application; includeInIndex = 0; path = Reeach.app; sourceTree = BUILT_PRODUCTS_DIR; };
		FA2E29DB29039A8B0083587D /* Button.swift */ = {isa = PBXFileReference; lastKnownFileType = sourcecode.swift; path = Button.swift; sourceTree = "<group>"; };
		FA2E29DD29039AA50083587D /* TextField.swift */ = {isa = PBXFileReference; lastKnownFileType = sourcecode.swift; path = TextField.swift; sourceTree = "<group>"; };
		FA2E29E22903A5E80083587D /* GeneralSans-Italic.otf */ = {isa = PBXFileReference; lastKnownFileType = file; path = "GeneralSans-Italic.otf"; sourceTree = "<group>"; };
		FA2E29E32903A5E80083587D /* GeneralSans-BoldItalic.otf */ = {isa = PBXFileReference; lastKnownFileType = file; path = "GeneralSans-BoldItalic.otf"; sourceTree = "<group>"; };
		FA2E29E42903A5E80083587D /* GeneralSans-Light.otf */ = {isa = PBXFileReference; lastKnownFileType = file; path = "GeneralSans-Light.otf"; sourceTree = "<group>"; };
		FA2E29E52903A5E80083587D /* GeneralSans-MediumItalic.otf */ = {isa = PBXFileReference; lastKnownFileType = file; path = "GeneralSans-MediumItalic.otf"; sourceTree = "<group>"; };
		FA2E29E62903A5E80083587D /* GeneralSans-Semibold.otf */ = {isa = PBXFileReference; lastKnownFileType = file; path = "GeneralSans-Semibold.otf"; sourceTree = "<group>"; };
		FA2E29E72903A5E80083587D /* GeneralSans-Extralight.otf */ = {isa = PBXFileReference; lastKnownFileType = file; path = "GeneralSans-Extralight.otf"; sourceTree = "<group>"; };
		FA2E29E82903A5E80083587D /* GeneralSans-LightItalic.otf */ = {isa = PBXFileReference; lastKnownFileType = file; path = "GeneralSans-LightItalic.otf"; sourceTree = "<group>"; };
		FA2E29E92903A5E80083587D /* GeneralSans-Medium.otf */ = {isa = PBXFileReference; lastKnownFileType = file; path = "GeneralSans-Medium.otf"; sourceTree = "<group>"; };
		FA2E29EA2903A5E80083587D /* GeneralSans-Regular.otf */ = {isa = PBXFileReference; lastKnownFileType = file; path = "GeneralSans-Regular.otf"; sourceTree = "<group>"; };
		FA2E29EB2903A5E80083587D /* GeneralSans-SemiboldItalic.otf */ = {isa = PBXFileReference; lastKnownFileType = file; path = "GeneralSans-SemiboldItalic.otf"; sourceTree = "<group>"; };
		FA2E29EC2903A5E80083587D /* GeneralSans-Bold.otf */ = {isa = PBXFileReference; lastKnownFileType = file; path = "GeneralSans-Bold.otf"; sourceTree = "<group>"; };
		FA2E29ED2903A5E80083587D /* GeneralSans-ExtralightItalic.otf */ = {isa = PBXFileReference; lastKnownFileType = file; path = "GeneralSans-ExtralightItalic.otf"; sourceTree = "<group>"; };
		FA2E29FF2903A95C0083587D /* UIFont+Extension.swift */ = {isa = PBXFileReference; lastKnownFileType = sourcecode.swift; path = "UIFont+Extension.swift"; sourceTree = "<group>"; };
		FA2E2A012903CC280083587D /* Toggle.swift */ = {isa = PBXFileReference; lastKnownFileType = sourcecode.swift; path = Toggle.swift; sourceTree = "<group>"; };
		FA2E2A032903DBE40083587D /* Checkbox.swift */ = {isa = PBXFileReference; lastKnownFileType = sourcecode.swift; path = Checkbox.swift; sourceTree = "<group>"; };
		FA2E2A0729050A2A0083587D /* Card.swift */ = {isa = PBXFileReference; lastKnownFileType = sourcecode.swift; path = Card.swift; sourceTree = "<group>"; };
		FA2E2A092907CFBD0083587D /* DatePicker.swift */ = {isa = PBXFileReference; lastKnownFileType = sourcecode.swift; path = DatePicker.swift; sourceTree = "<group>"; };
		FA2E2A0D29081B030083587D /* TextFieldViewController.swift */ = {isa = PBXFileReference; lastKnownFileType = sourcecode.swift; path = TextFieldViewController.swift; sourceTree = "<group>"; };
		FA5C969528F2695800BF3B9F /* UIView+Extension.swift */ = {isa = PBXFileReference; lastKnownFileType = sourcecode.swift; path = "UIView+Extension.swift"; sourceTree = "<group>"; };
		FA5C969728F2696200BF3B9F /* UIColor+Extension.swift */ = {isa = PBXFileReference; lastKnownFileType = sourcecode.swift; path = "UIColor+Extension.swift"; sourceTree = "<group>"; };
		FA84163728FF993700AA973C /* Reeach.app */ = {isa = PBXFileReference; explicitFileType = wrapper.application; includeInIndex = 0; path = Reeach.app; sourceTree = BUILT_PRODUCTS_DIR; };
		FA84163828FF993700AA973C /* ReeachTests.xctest */ = {isa = PBXFileReference; explicitFileType = wrapper.cfbundle; includeInIndex = 0; path = ReeachTests.xctest; sourceTree = BUILT_PRODUCTS_DIR; };
		FA84163928FF993700AA973C /* ReeachUITests.xctest */ = {isa = PBXFileReference; explicitFileType = wrapper.cfbundle; includeInIndex = 0; path = ReeachUITests.xctest; sourceTree = BUILT_PRODUCTS_DIR; };
		FA9B12C028EBCF44001203F5 /* AppDelegate.swift */ = {isa = PBXFileReference; lastKnownFileType = sourcecode.swift; path = AppDelegate.swift; sourceTree = "<group>"; };
		FA9B12C228EBCF44001203F5 /* SceneDelegate.swift */ = {isa = PBXFileReference; lastKnownFileType = sourcecode.swift; path = SceneDelegate.swift; sourceTree = "<group>"; };
		FA9B12C428EBCF44001203F5 /* ViewController.swift */ = {isa = PBXFileReference; lastKnownFileType = sourcecode.swift; path = ViewController.swift; sourceTree = "<group>"; };
		FA9B12CA28EBCF44001203F5 /* Reeach.xcdatamodel */ = {isa = PBXFileReference; lastKnownFileType = wrapper.xcdatamodel; path = Reeach.xcdatamodel; sourceTree = "<group>"; };
		FA9B12CC28EBCF46001203F5 /* Assets.xcassets */ = {isa = PBXFileReference; lastKnownFileType = folder.assetcatalog; path = Assets.xcassets; sourceTree = "<group>"; };
		FA9B12CF28EBCF46001203F5 /* Base */ = {isa = PBXFileReference; lastKnownFileType = file.storyboard; name = Base; path = Base.lproj/LaunchScreen.storyboard; sourceTree = "<group>"; };
		FA9B12D128EBCF46001203F5 /* Info.plist */ = {isa = PBXFileReference; lastKnownFileType = text.plist.xml; path = Info.plist; sourceTree = "<group>"; };
		FA9B12DA28EBCF46001203F5 /* ReeachTests.swift */ = {isa = PBXFileReference; lastKnownFileType = sourcecode.swift; path = ReeachTests.swift; sourceTree = "<group>"; };
		FA9B12E428EBCF46001203F5 /* ReeachUITests.swift */ = {isa = PBXFileReference; lastKnownFileType = sourcecode.swift; path = ReeachUITests.swift; sourceTree = "<group>"; };
		FA9B12E628EBCF46001203F5 /* ReeachUITestsLaunchTests.swift */ = {isa = PBXFileReference; lastKnownFileType = sourcecode.swift; path = ReeachUITestsLaunchTests.swift; sourceTree = "<group>"; };
/* End PBXFileReference section */

/* Begin PBXFrameworksBuildPhase section */
		FA9B12BA28EBCF44001203F5 /* Frameworks */ = {
			isa = PBXFrameworksBuildPhase;
			buildActionMask = 2147483647;
			files = (
			);
			runOnlyForDeploymentPostprocessing = 0;
		};
		FA9B12D328EBCF46001203F5 /* Frameworks */ = {
			isa = PBXFrameworksBuildPhase;
			buildActionMask = 2147483647;
			files = (
			);
			runOnlyForDeploymentPostprocessing = 0;
		};
		FA9B12DD28EBCF46001203F5 /* Frameworks */ = {
			isa = PBXFrameworksBuildPhase;
			buildActionMask = 2147483647;
			files = (
			);
			runOnlyForDeploymentPostprocessing = 0;
		};
/* End PBXFrameworksBuildPhase section */

/* Begin PBXGroup section */
		3B26F7DD28F7BA3300FAC837 /* CoreData */ = {
			isa = PBXGroup;
			children = (
				FA9B12C928EBCF44001203F5 /* Reeach.xcdatamodeld */,
				3B26F7ED28F7BF2800FAC837 /* Goal */,
				3BF624B428FFC0DA00923D57 /* Category */,
				3B26F7EC28F7BF1600FAC837 /* Budget */,
				3B26F7EE28F7BF3D00FAC837 /* Transaction */,
			);
			path = CoreData;
			sourceTree = "<group>";
		};
		3B26F7DE28F7BBA000FAC837 /* CoreData */ = {
			isa = PBXGroup;
			children = (
				3B26F7E028F7BBFD00FAC837 /* DatabaseHelper.swift */,
				3B26F7E628F7BDCF00FAC837 /* DatabaseHelper+Constants.swift */,
				3B26F7E428F7BDC000FAC837 /* DatabaseHelper+Budget.swift */,
				3B26F7E828F7BEF000FAC837 /* DatabaseHelper+Goal.swift */,
				3B26F7EA28F7BF0600FAC837 /* DatabaseHelper+Transaction.swift */,
			);
			path = CoreData;
			sourceTree = "<group>";
		};
		3B26F7EC28F7BF1600FAC837 /* Budget */ = {
			isa = PBXGroup;
			children = (
				3BF624AC28FFC0BB00923D57 /* Budget+CoreDataClass.swift */,
				3BF624AD28FFC0BC00923D57 /* Budget+CoreDataProperties.swift */,
			);
			path = Budget;
			sourceTree = "<group>";
		};
		3B26F7ED28F7BF2800FAC837 /* Goal */ = {
			isa = PBXGroup;
			children = (
				3BF624B028FFC0BC00923D57 /* Goal+CoreDataClass.swift */,
				3BF624B128FFC0BC00923D57 /* Goal+CoreDataProperties.swift */,
			);
			path = Goal;
			sourceTree = "<group>";
		};
		3B26F7EE28F7BF3D00FAC837 /* Transaction */ = {
			isa = PBXGroup;
			children = (
				3BF624AE28FFC0BC00923D57 /* Transaction+CoreDataClass.swift */,
				3BF624AF28FFC0BC00923D57 /* Transaction+CoreDataProperties.swift */,
			);
			path = Transaction;
			sourceTree = "<group>";
		};
		3BF624B428FFC0DA00923D57 /* Category */ = {
			isa = PBXGroup;
			children = (
				3BF624B228FFC0BC00923D57 /* Category+CoreDataClass.swift */,
				3BF624B328FFC0BC00923D57 /* Category+CoreDataProperties.swift */,
			);
			path = Category;
			sourceTree = "<group>";
		};
		CA21B0B728EDCD2C00E59539 /* View */ = {
			isa = PBXGroup;
			children = (
				FA9B12C428EBCF44001203F5 /* ViewController.swift */,
			);
			path = View;
			sourceTree = "<group>";
		};
		CA21B0B828EDCD3600E59539 /* Controller */ = {
			isa = PBXGroup;
			children = (
				CA21B0BC28EDCD8400E59539 /* Controller.swift */,
				FA2E2A0D29081B030083587D /* TextFieldViewController.swift */,
			);
			path = Controller;
			sourceTree = "<group>";
		};
		CA21B0B928EDCD3D00E59539 /* Model */ = {
			isa = PBXGroup;
			children = (
				CA634A6D28FD1FE2001A08D2 /* NetworkModel */,
				3B26F7DD28F7BA3300FAC837 /* CoreData */,
			);
			path = Model;
			sourceTree = "<group>";
		};
		CA21B0BE28EDCDA600E59539 /* Component */ = {
			isa = PBXGroup;
			children = (
				FA2E29E02903A5D90083587D /* Font */,
				CA21B0BF28EDCDB700E59539 /* Components.swift */,
				FA2E29DB29039A8B0083587D /* Button.swift */,
				FA2E29DD29039AA50083587D /* TextField.swift */,
				FA2E2A012903CC280083587D /* Toggle.swift */,
				FA2E2A032903DBE40083587D /* Checkbox.swift */,
				FA2E2A0729050A2A0083587D /* Card.swift */,
				FA2E2A092907CFBD0083587D /* DatePicker.swift */,
			);
			path = Component;
			sourceTree = "<group>";
		};
		CA2AB4B828F85F28002663AE /* Network */ = {
			isa = PBXGroup;
			children = (
				CA2AB4C128F86081002663AE /* EndPoint */,
				CA2AB4B928F85F28002663AE /* NetworkManager.swift */,
				CA2AB4BA28F85F28002663AE /* NetworkService.swift */,
			);
			path = Network;
			sourceTree = "<group>";
		};
		CA2AB4C128F86081002663AE /* EndPoint */ = {
			isa = PBXGroup;
			children = (
				CA2AB4C228F86093002663AE /* InflationEndPoint.swift */,
			);
			path = EndPoint;
			sourceTree = "<group>";
		};
		CA634A6D28FD1FE2001A08D2 /* NetworkModel */ = {
			isa = PBXGroup;
			children = (
				CA634A6E28FD1FF2001A08D2 /* InflationNetworkModel.swift */,
			);
			path = NetworkModel;
			sourceTree = "<group>";
		};
		CA634A702900EE02001A08D2 /* Enum */ = {
			isa = PBXGroup;
			children = (
				CA634A732900EE1C001A08D2 /* UserDefaultEnum.swift */,
			);
			path = Enum;
			sourceTree = "<group>";
		};
		FA2E29E02903A5D90083587D /* Font */ = {
			isa = PBXGroup;
			children = (
				FA2E29E12903A5E80083587D /* OTF */,
			);
			path = Font;
			sourceTree = "<group>";
		};
		FA2E29E12903A5E80083587D /* OTF */ = {
			isa = PBXGroup;
			children = (
				FA2E29E22903A5E80083587D /* GeneralSans-Italic.otf */,
				FA2E29E32903A5E80083587D /* GeneralSans-BoldItalic.otf */,
				FA2E29E42903A5E80083587D /* GeneralSans-Light.otf */,
				FA2E29E52903A5E80083587D /* GeneralSans-MediumItalic.otf */,
				FA2E29E62903A5E80083587D /* GeneralSans-Semibold.otf */,
				FA2E29E72903A5E80083587D /* GeneralSans-Extralight.otf */,
				FA2E29E82903A5E80083587D /* GeneralSans-LightItalic.otf */,
				FA2E29E92903A5E80083587D /* GeneralSans-Medium.otf */,
				FA2E29EA2903A5E80083587D /* GeneralSans-Regular.otf */,
				FA2E29EB2903A5E80083587D /* GeneralSans-SemiboldItalic.otf */,
				FA2E29EC2903A5E80083587D /* GeneralSans-Bold.otf */,
				FA2E29ED2903A5E80083587D /* GeneralSans-ExtralightItalic.otf */,
			);
			path = OTF;
			sourceTree = "<group>";
		};
		FA9B12B428EBCF44001203F5 = {
			isa = PBXGroup;
			children = (
				FA9B12BF28EBCF44001203F5 /* Reeach */,
				FA9B12D928EBCF46001203F5 /* ReeachTests */,
				FA9B12E328EBCF46001203F5 /* ReeachUITests */,
				FA84163728FF993700AA973C /* Reeach.app */,
				FA84163828FF993700AA973C /* ReeachTests.xctest */,
				FA84163928FF993700AA973C /* ReeachUITests.xctest */,
				FA2E29DA29039A470083587D /* Reeach.app */,
			);
			sourceTree = "<group>";
		};
		FA9B12BF28EBCF44001203F5 /* Reeach */ = {
			isa = PBXGroup;
			children = (
				CA2AB4B828F85F28002663AE /* Network */,
				CA21B0BE28EDCDA600E59539 /* Component */,
				CA21B0B928EDCD3D00E59539 /* Model */,
				CA21B0B828EDCD3600E59539 /* Controller */,
				CA21B0B728EDCD2C00E59539 /* View */,
				FA9B12F328EBD4DD001203F5 /* Helper */,
				FA9B12C028EBCF44001203F5 /* AppDelegate.swift */,
				FA9B12C228EBCF44001203F5 /* SceneDelegate.swift */,
				FA9B12CC28EBCF46001203F5 /* Assets.xcassets */,
				FA9B12CE28EBCF46001203F5 /* LaunchScreen.storyboard */,
				FA9B12D128EBCF46001203F5 /* Info.plist */,
			);
			path = Reeach;
			sourceTree = "<group>";
		};
		FA9B12D928EBCF46001203F5 /* ReeachTests */ = {
			isa = PBXGroup;
			children = (
				FA9B12DA28EBCF46001203F5 /* ReeachTests.swift */,
			);
			path = ReeachTests;
			sourceTree = "<group>";
		};
		FA9B12E328EBCF46001203F5 /* ReeachUITests */ = {
			isa = PBXGroup;
			children = (
				FA9B12E428EBCF46001203F5 /* ReeachUITests.swift */,
				FA9B12E628EBCF46001203F5 /* ReeachUITestsLaunchTests.swift */,
			);
			path = ReeachUITests;
			sourceTree = "<group>";
		};
		FA9B12F328EBD4DD001203F5 /* Helper */ = {
			isa = PBXGroup;
			children = (
				CA634A702900EE02001A08D2 /* Enum */,
				3B26F7DE28F7BBA000FAC837 /* CoreData */,
				FA5C969528F2695800BF3B9F /* UIView+Extension.swift */,
				FA5C969728F2696200BF3B9F /* UIColor+Extension.swift */,
				3BEE733128EFE2A600D05267 /* CurrencyHelper.swift */,
				3B0CA95528EFDA2D0065D5B5 /* DateFormatHelper.swift */,
				3B9A749228EFD78E00AA2725 /* DoubleToStringHelper.swift */,
				FA2E29FF2903A95C0083587D /* UIFont+Extension.swift */,
			);
			path = Helper;
			sourceTree = "<group>";
		};
/* End PBXGroup section */

/* Begin PBXNativeTarget section */
		FA9B12BC28EBCF44001203F5 /* Reeach */ = {
			isa = PBXNativeTarget;
			buildConfigurationList = FA9B12EA28EBCF46001203F5 /* Build configuration list for PBXNativeTarget "Reeach" */;
			buildPhases = (
				FA9B12B928EBCF44001203F5 /* Sources */,
				FA9B12BA28EBCF44001203F5 /* Frameworks */,
				FA9B12BB28EBCF44001203F5 /* Resources */,
			);
			buildRules = (
			);
			dependencies = (
			);
			name = Reeach;
			productName = Reeach;
			productReference = FA2E29DA29039A470083587D /* Reeach.app */;
			productType = "com.apple.product-type.application";
		};
		FA9B12D528EBCF46001203F5 /* ReeachTests */ = {
			isa = PBXNativeTarget;
			buildConfigurationList = FA9B12ED28EBCF46001203F5 /* Build configuration list for PBXNativeTarget "ReeachTests" */;
			buildPhases = (
				FA9B12D228EBCF46001203F5 /* Sources */,
				FA9B12D328EBCF46001203F5 /* Frameworks */,
				FA9B12D428EBCF46001203F5 /* Resources */,
			);
			buildRules = (
			);
			dependencies = (
				FA9B12D828EBCF46001203F5 /* PBXTargetDependency */,
			);
			name = ReeachTests;
			productName = ReeachTests;
			productReference = FA84163828FF993700AA973C /* ReeachTests.xctest */;
			productType = "com.apple.product-type.bundle.unit-test";
		};
		FA9B12DF28EBCF46001203F5 /* ReeachUITests */ = {
			isa = PBXNativeTarget;
			buildConfigurationList = FA9B12F028EBCF46001203F5 /* Build configuration list for PBXNativeTarget "ReeachUITests" */;
			buildPhases = (
				FA9B12DC28EBCF46001203F5 /* Sources */,
				FA9B12DD28EBCF46001203F5 /* Frameworks */,
				FA9B12DE28EBCF46001203F5 /* Resources */,
			);
			buildRules = (
			);
			dependencies = (
				FA9B12E228EBCF46001203F5 /* PBXTargetDependency */,
			);
			name = ReeachUITests;
			productName = ReeachUITests;
			productReference = FA84163928FF993700AA973C /* ReeachUITests.xctest */;
			productType = "com.apple.product-type.bundle.ui-testing";
		};
/* End PBXNativeTarget section */

/* Begin PBXProject section */
		FA9B12B528EBCF44001203F5 /* Project object */ = {
			isa = PBXProject;
			attributes = {
				BuildIndependentTargetsInParallel = 1;
				LastSwiftUpdateCheck = 1400;
				LastUpgradeCheck = 1400;
				TargetAttributes = {
					FA9B12BC28EBCF44001203F5 = {
						CreatedOnToolsVersion = 14.0;
					};
					FA9B12D528EBCF46001203F5 = {
						CreatedOnToolsVersion = 14.0;
						TestTargetID = FA9B12BC28EBCF44001203F5;
					};
					FA9B12DF28EBCF46001203F5 = {
						CreatedOnToolsVersion = 14.0;
						TestTargetID = FA9B12BC28EBCF44001203F5;
					};
				};
			};
			buildConfigurationList = FA9B12B828EBCF44001203F5 /* Build configuration list for PBXProject "Reeach" */;
			compatibilityVersion = "Xcode 14.0";
			developmentRegion = en;
			hasScannedForEncodings = 0;
			knownRegions = (
				en,
				Base,
			);
			mainGroup = FA9B12B428EBCF44001203F5;
			productRefGroup = FA9B12B428EBCF44001203F5;
			projectDirPath = "";
			projectRoot = "";
			targets = (
				FA9B12BC28EBCF44001203F5 /* Reeach */,
				FA9B12D528EBCF46001203F5 /* ReeachTests */,
				FA9B12DF28EBCF46001203F5 /* ReeachUITests */,
			);
		};
/* End PBXProject section */

/* Begin PBXResourcesBuildPhase section */
		FA9B12BB28EBCF44001203F5 /* Resources */ = {
			isa = PBXResourcesBuildPhase;
			buildActionMask = 2147483647;
			files = (
				FA2E29F92903A5E80083587D /* GeneralSans-ExtralightItalic.otf in Resources */,
				FA2E29EF2903A5E80083587D /* GeneralSans-BoldItalic.otf in Resources */,
				FA2E29F82903A5E80083587D /* GeneralSans-Bold.otf in Resources */,
				FA2E29EE2903A5E80083587D /* GeneralSans-Italic.otf in Resources */,
				FA2E29F02903A5E80083587D /* GeneralSans-Light.otf in Resources */,
				FA9B12D028EBCF46001203F5 /* LaunchScreen.storyboard in Resources */,
				FA2E29F12903A5E80083587D /* GeneralSans-MediumItalic.otf in Resources */,
				FA2E29F42903A5E80083587D /* GeneralSans-LightItalic.otf in Resources */,
				FA2E29F72903A5E80083587D /* GeneralSans-SemiboldItalic.otf in Resources */,
				FA2E29F32903A5E80083587D /* GeneralSans-Extralight.otf in Resources */,
				FA9B12CD28EBCF46001203F5 /* Assets.xcassets in Resources */,
				FA2E29F52903A5E80083587D /* GeneralSans-Medium.otf in Resources */,
				FA2E29F62903A5E80083587D /* GeneralSans-Regular.otf in Resources */,
				FA2E29F22903A5E80083587D /* GeneralSans-Semibold.otf in Resources */,
			);
			runOnlyForDeploymentPostprocessing = 0;
		};
		FA9B12D428EBCF46001203F5 /* Resources */ = {
			isa = PBXResourcesBuildPhase;
			buildActionMask = 2147483647;
			files = (
			);
			runOnlyForDeploymentPostprocessing = 0;
		};
		FA9B12DE28EBCF46001203F5 /* Resources */ = {
			isa = PBXResourcesBuildPhase;
			buildActionMask = 2147483647;
			files = (
			);
			runOnlyForDeploymentPostprocessing = 0;
		};
/* End PBXResourcesBuildPhase section */

/* Begin PBXSourcesBuildPhase section */
		FA9B12B928EBCF44001203F5 /* Sources */ = {
			isa = PBXSourcesBuildPhase;
			buildActionMask = 2147483647;
			files = (
				3B9A749328EFD78E00AA2725 /* DoubleToStringHelper.swift in Sources */,
				CA634A6F28FD1FF2001A08D2 /* InflationNetworkModel.swift in Sources */,
				FA2E29DE29039AA50083587D /* TextField.swift in Sources */,
				3B26F7E528F7BDC000FAC837 /* DatabaseHelper+Budget.swift in Sources */,
				FA9B12C528EBCF44001203F5 /* ViewController.swift in Sources */,
				3BEE733228EFE2A600D05267 /* CurrencyHelper.swift in Sources */,
				FA2E2A002903A95C0083587D /* UIFont+Extension.swift in Sources */,
				CA21B0C028EDCDB700E59539 /* Components.swift in Sources */,
				3B26F7E728F7BDCF00FAC837 /* DatabaseHelper+Constants.swift in Sources */,
				FA9B12C128EBCF44001203F5 /* AppDelegate.swift in Sources */,
				FA2E2A042903DBE40083587D /* Checkbox.swift in Sources */,
				3B26F7E928F7BEF000FAC837 /* DatabaseHelper+Goal.swift in Sources */,
				3B26F7EB28F7BF0600FAC837 /* DatabaseHelper+Transaction.swift in Sources */,
				FA9B12C328EBCF44001203F5 /* SceneDelegate.swift in Sources */,
				3B0CA95628EFDA2D0065D5B5 /* DateFormatHelper.swift in Sources */,
				FA2E2A0A2907CFBD0083587D /* DatePicker.swift in Sources */,
				CA2AB4BB28F85F28002663AE /* NetworkManager.swift in Sources */,
				CA2AB4BC28F85F28002663AE /* NetworkService.swift in Sources */,
				CA2AB4C328F86093002663AE /* InflationEndPoint.swift in Sources */,
				FA9B12CB28EBCF44001203F5 /* Reeach.xcdatamodeld in Sources */,
				CA634A742900EE1C001A08D2 /* UserDefaultEnum.swift in Sources */,
				FA5C969828F2696200BF3B9F /* UIColor+Extension.swift in Sources */,
				FA5C969628F2695800BF3B9F /* UIView+Extension.swift in Sources */,
				CA21B0BD28EDCD8400E59539 /* Controller.swift in Sources */,
				FA2E2A0829050A2A0083587D /* Card.swift in Sources */,
				FA2E2A022903CC280083587D /* Toggle.swift in Sources */,
				3B26F7E128F7BBFD00FAC837 /* DatabaseHelper.swift in Sources */,
				FA2E29DC29039A8B0083587D /* Button.swift in Sources */,
				FA2E2A0E29081B030083587D /* TextFieldViewController.swift in Sources */,
			);
			runOnlyForDeploymentPostprocessing = 0;
		};
		FA9B12D228EBCF46001203F5 /* Sources */ = {
			isa = PBXSourcesBuildPhase;
			buildActionMask = 2147483647;
			files = (
				FA9B12DB28EBCF46001203F5 /* ReeachTests.swift in Sources */,
			);
			runOnlyForDeploymentPostprocessing = 0;
		};
		FA9B12DC28EBCF46001203F5 /* Sources */ = {
			isa = PBXSourcesBuildPhase;
			buildActionMask = 2147483647;
			files = (
				FA9B12E728EBCF46001203F5 /* ReeachUITestsLaunchTests.swift in Sources */,
				FA9B12E528EBCF46001203F5 /* ReeachUITests.swift in Sources */,
			);
			runOnlyForDeploymentPostprocessing = 0;
		};
/* End PBXSourcesBuildPhase section */

/* Begin PBXTargetDependency section */
		FA9B12D828EBCF46001203F5 /* PBXTargetDependency */ = {
			isa = PBXTargetDependency;
			target = FA9B12BC28EBCF44001203F5 /* Reeach */;
			targetProxy = FA9B12D728EBCF46001203F5 /* PBXContainerItemProxy */;
		};
		FA9B12E228EBCF46001203F5 /* PBXTargetDependency */ = {
			isa = PBXTargetDependency;
			target = FA9B12BC28EBCF44001203F5 /* Reeach */;
			targetProxy = FA9B12E128EBCF46001203F5 /* PBXContainerItemProxy */;
		};
/* End PBXTargetDependency section */

/* Begin PBXVariantGroup section */
		FA9B12CE28EBCF46001203F5 /* LaunchScreen.storyboard */ = {
			isa = PBXVariantGroup;
			children = (
				FA9B12CF28EBCF46001203F5 /* Base */,
			);
			name = LaunchScreen.storyboard;
			sourceTree = "<group>";
		};
/* End PBXVariantGroup section */

/* Begin XCBuildConfiguration section */
		FA9B12E828EBCF46001203F5 /* Debug */ = {
			isa = XCBuildConfiguration;
			buildSettings = {
				ALWAYS_SEARCH_USER_PATHS = NO;
				CLANG_ANALYZER_NONNULL = YES;
				CLANG_ANALYZER_NUMBER_OBJECT_CONVERSION = YES_AGGRESSIVE;
				CLANG_CXX_LANGUAGE_STANDARD = "gnu++20";
				CLANG_ENABLE_MODULES = YES;
				CLANG_ENABLE_OBJC_ARC = YES;
				CLANG_ENABLE_OBJC_WEAK = YES;
				CLANG_WARN_BLOCK_CAPTURE_AUTORELEASING = YES;
				CLANG_WARN_BOOL_CONVERSION = YES;
				CLANG_WARN_COMMA = YES;
				CLANG_WARN_CONSTANT_CONVERSION = YES;
				CLANG_WARN_DEPRECATED_OBJC_IMPLEMENTATIONS = YES;
				CLANG_WARN_DIRECT_OBJC_ISA_USAGE = YES_ERROR;
				CLANG_WARN_DOCUMENTATION_COMMENTS = YES;
				CLANG_WARN_EMPTY_BODY = YES;
				CLANG_WARN_ENUM_CONVERSION = YES;
				CLANG_WARN_INFINITE_RECURSION = YES;
				CLANG_WARN_INT_CONVERSION = YES;
				CLANG_WARN_NON_LITERAL_NULL_CONVERSION = YES;
				CLANG_WARN_OBJC_IMPLICIT_RETAIN_SELF = YES;
				CLANG_WARN_OBJC_LITERAL_CONVERSION = YES;
				CLANG_WARN_OBJC_ROOT_CLASS = YES_ERROR;
				CLANG_WARN_QUOTED_INCLUDE_IN_FRAMEWORK_HEADER = YES;
				CLANG_WARN_RANGE_LOOP_ANALYSIS = YES;
				CLANG_WARN_STRICT_PROTOTYPES = YES;
				CLANG_WARN_SUSPICIOUS_MOVE = YES;
				CLANG_WARN_UNGUARDED_AVAILABILITY = YES_AGGRESSIVE;
				CLANG_WARN_UNREACHABLE_CODE = YES;
				CLANG_WARN__DUPLICATE_METHOD_MATCH = YES;
				COPY_PHASE_STRIP = NO;
				DEBUG_INFORMATION_FORMAT = dwarf;
				ENABLE_STRICT_OBJC_MSGSEND = YES;
				ENABLE_TESTABILITY = YES;
				GCC_C_LANGUAGE_STANDARD = gnu11;
				GCC_DYNAMIC_NO_PIC = NO;
				GCC_NO_COMMON_BLOCKS = YES;
				GCC_OPTIMIZATION_LEVEL = 0;
				GCC_PREPROCESSOR_DEFINITIONS = (
					"DEBUG=1",
					"$(inherited)",
				);
				GCC_WARN_64_TO_32_BIT_CONVERSION = YES;
				GCC_WARN_ABOUT_RETURN_TYPE = YES_ERROR;
				GCC_WARN_UNDECLARED_SELECTOR = YES;
				GCC_WARN_UNINITIALIZED_AUTOS = YES_AGGRESSIVE;
				GCC_WARN_UNUSED_FUNCTION = YES;
				GCC_WARN_UNUSED_VARIABLE = YES;
				IPHONEOS_DEPLOYMENT_TARGET = 16.0;
				MTL_ENABLE_DEBUG_INFO = INCLUDE_SOURCE;
				MTL_FAST_MATH = YES;
				ONLY_ACTIVE_ARCH = YES;
				SDKROOT = iphoneos;
				SWIFT_ACTIVE_COMPILATION_CONDITIONS = DEBUG;
				SWIFT_OPTIMIZATION_LEVEL = "-Onone";
			};
			name = Debug;
		};
		FA9B12E928EBCF46001203F5 /* Release */ = {
			isa = XCBuildConfiguration;
			buildSettings = {
				ALWAYS_SEARCH_USER_PATHS = NO;
				CLANG_ANALYZER_NONNULL = YES;
				CLANG_ANALYZER_NUMBER_OBJECT_CONVERSION = YES_AGGRESSIVE;
				CLANG_CXX_LANGUAGE_STANDARD = "gnu++20";
				CLANG_ENABLE_MODULES = YES;
				CLANG_ENABLE_OBJC_ARC = YES;
				CLANG_ENABLE_OBJC_WEAK = YES;
				CLANG_WARN_BLOCK_CAPTURE_AUTORELEASING = YES;
				CLANG_WARN_BOOL_CONVERSION = YES;
				CLANG_WARN_COMMA = YES;
				CLANG_WARN_CONSTANT_CONVERSION = YES;
				CLANG_WARN_DEPRECATED_OBJC_IMPLEMENTATIONS = YES;
				CLANG_WARN_DIRECT_OBJC_ISA_USAGE = YES_ERROR;
				CLANG_WARN_DOCUMENTATION_COMMENTS = YES;
				CLANG_WARN_EMPTY_BODY = YES;
				CLANG_WARN_ENUM_CONVERSION = YES;
				CLANG_WARN_INFINITE_RECURSION = YES;
				CLANG_WARN_INT_CONVERSION = YES;
				CLANG_WARN_NON_LITERAL_NULL_CONVERSION = YES;
				CLANG_WARN_OBJC_IMPLICIT_RETAIN_SELF = YES;
				CLANG_WARN_OBJC_LITERAL_CONVERSION = YES;
				CLANG_WARN_OBJC_ROOT_CLASS = YES_ERROR;
				CLANG_WARN_QUOTED_INCLUDE_IN_FRAMEWORK_HEADER = YES;
				CLANG_WARN_RANGE_LOOP_ANALYSIS = YES;
				CLANG_WARN_STRICT_PROTOTYPES = YES;
				CLANG_WARN_SUSPICIOUS_MOVE = YES;
				CLANG_WARN_UNGUARDED_AVAILABILITY = YES_AGGRESSIVE;
				CLANG_WARN_UNREACHABLE_CODE = YES;
				CLANG_WARN__DUPLICATE_METHOD_MATCH = YES;
				COPY_PHASE_STRIP = NO;
				DEBUG_INFORMATION_FORMAT = "dwarf-with-dsym";
				ENABLE_NS_ASSERTIONS = NO;
				ENABLE_STRICT_OBJC_MSGSEND = YES;
				GCC_C_LANGUAGE_STANDARD = gnu11;
				GCC_NO_COMMON_BLOCKS = YES;
				GCC_WARN_64_TO_32_BIT_CONVERSION = YES;
				GCC_WARN_ABOUT_RETURN_TYPE = YES_ERROR;
				GCC_WARN_UNDECLARED_SELECTOR = YES;
				GCC_WARN_UNINITIALIZED_AUTOS = YES_AGGRESSIVE;
				GCC_WARN_UNUSED_FUNCTION = YES;
				GCC_WARN_UNUSED_VARIABLE = YES;
				IPHONEOS_DEPLOYMENT_TARGET = 16.0;
				MTL_ENABLE_DEBUG_INFO = NO;
				MTL_FAST_MATH = YES;
				SDKROOT = iphoneos;
				SWIFT_COMPILATION_MODE = wholemodule;
				SWIFT_OPTIMIZATION_LEVEL = "-O";
				VALIDATE_PRODUCT = YES;
			};
			name = Release;
		};
		FA9B12EB28EBCF46001203F5 /* Debug */ = {
			isa = XCBuildConfiguration;
			buildSettings = {
				ASSETCATALOG_COMPILER_APPICON_NAME = AppIcon;
				ASSETCATALOG_COMPILER_GLOBAL_ACCENT_COLOR_NAME = AccentColor;
				CODE_SIGN_STYLE = Automatic;
				CURRENT_PROJECT_VERSION = 1;
				DEVELOPMENT_TEAM = YFHWVSQVD7;
				GENERATE_INFOPLIST_FILE = YES;
				INFOPLIST_FILE = Reeach/Info.plist;
				INFOPLIST_KEY_UIApplicationSupportsIndirectInputEvents = YES;
				INFOPLIST_KEY_UILaunchStoryboardName = LaunchScreen;
				INFOPLIST_KEY_UISupportedInterfaceOrientations_iPad = "UIInterfaceOrientationPortrait UIInterfaceOrientationPortraitUpsideDown UIInterfaceOrientationLandscapeLeft UIInterfaceOrientationLandscapeRight";
				INFOPLIST_KEY_UISupportedInterfaceOrientations_iPhone = "UIInterfaceOrientationPortrait UIInterfaceOrientationLandscapeLeft UIInterfaceOrientationLandscapeRight";
				IPHONEOS_DEPLOYMENT_TARGET = 14.0;
				LD_RUNPATH_SEARCH_PATHS = (
					"$(inherited)",
					"@executable_path/Frameworks",
				);
				MARKETING_VERSION = 1.0;
				PRODUCT_BUNDLE_IDENTIFIER = com.depressure.Reeach;
				PRODUCT_NAME = "$(TARGET_NAME)";
				SUPPORTED_PLATFORMS = "iphoneos iphonesimulator";
				SUPPORTS_MACCATALYST = NO;
				SUPPORTS_MAC_DESIGNED_FOR_IPHONE_IPAD = NO;
				SWIFT_EMIT_LOC_STRINGS = YES;
				SWIFT_VERSION = 5.0;
				TARGETED_DEVICE_FAMILY = 1;
			};
			name = Debug;
		};
		FA9B12EC28EBCF46001203F5 /* Release */ = {
			isa = XCBuildConfiguration;
			buildSettings = {
				ASSETCATALOG_COMPILER_APPICON_NAME = AppIcon;
				ASSETCATALOG_COMPILER_GLOBAL_ACCENT_COLOR_NAME = AccentColor;
				CODE_SIGN_STYLE = Automatic;
				CURRENT_PROJECT_VERSION = 1;
				DEVELOPMENT_TEAM = YFHWVSQVD7;
				GENERATE_INFOPLIST_FILE = YES;
				INFOPLIST_FILE = Reeach/Info.plist;
				INFOPLIST_KEY_UIApplicationSupportsIndirectInputEvents = YES;
				INFOPLIST_KEY_UILaunchStoryboardName = LaunchScreen;
				INFOPLIST_KEY_UISupportedInterfaceOrientations_iPad = "UIInterfaceOrientationPortrait UIInterfaceOrientationPortraitUpsideDown UIInterfaceOrientationLandscapeLeft UIInterfaceOrientationLandscapeRight";
				INFOPLIST_KEY_UISupportedInterfaceOrientations_iPhone = "UIInterfaceOrientationPortrait UIInterfaceOrientationLandscapeLeft UIInterfaceOrientationLandscapeRight";
				IPHONEOS_DEPLOYMENT_TARGET = 14.0;
				LD_RUNPATH_SEARCH_PATHS = (
					"$(inherited)",
					"@executable_path/Frameworks",
				);
				MARKETING_VERSION = 1.0;
				PRODUCT_BUNDLE_IDENTIFIER = com.depressure.Reeach;
				PRODUCT_NAME = "$(TARGET_NAME)";
				SUPPORTED_PLATFORMS = "iphoneos iphonesimulator";
				SUPPORTS_MACCATALYST = NO;
				SUPPORTS_MAC_DESIGNED_FOR_IPHONE_IPAD = NO;
				SWIFT_EMIT_LOC_STRINGS = YES;
				SWIFT_VERSION = 5.0;
				TARGETED_DEVICE_FAMILY = 1;
			};
			name = Release;
		};
		FA9B12EE28EBCF46001203F5 /* Debug */ = {
			isa = XCBuildConfiguration;
			buildSettings = {
				ALWAYS_EMBED_SWIFT_STANDARD_LIBRARIES = YES;
				BUNDLE_LOADER = "$(TEST_HOST)";
				CODE_SIGN_STYLE = Automatic;
				CURRENT_PROJECT_VERSION = 1;
				DEVELOPMENT_TEAM = AZQ73MXTBD;
				GENERATE_INFOPLIST_FILE = YES;
				IPHONEOS_DEPLOYMENT_TARGET = 16.0;
				MARKETING_VERSION = 1.0;
				PRODUCT_BUNDLE_IDENTIFIER = com.depressure.ReeachTests;
				PRODUCT_NAME = "$(TARGET_NAME)";
				SWIFT_EMIT_LOC_STRINGS = NO;
				SWIFT_VERSION = 5.0;
				TARGETED_DEVICE_FAMILY = "1,2";
				TEST_HOST = "$(BUILT_PRODUCTS_DIR)/Reeach.app/$(BUNDLE_EXECUTABLE_FOLDER_PATH)/Reeach";
			};
			name = Debug;
		};
		FA9B12EF28EBCF46001203F5 /* Release */ = {
			isa = XCBuildConfiguration;
			buildSettings = {
				ALWAYS_EMBED_SWIFT_STANDARD_LIBRARIES = YES;
				BUNDLE_LOADER = "$(TEST_HOST)";
				CODE_SIGN_STYLE = Automatic;
				CURRENT_PROJECT_VERSION = 1;
				DEVELOPMENT_TEAM = AZQ73MXTBD;
				GENERATE_INFOPLIST_FILE = YES;
				IPHONEOS_DEPLOYMENT_TARGET = 16.0;
				MARKETING_VERSION = 1.0;
				PRODUCT_BUNDLE_IDENTIFIER = com.depressure.ReeachTests;
				PRODUCT_NAME = "$(TARGET_NAME)";
				SWIFT_EMIT_LOC_STRINGS = NO;
				SWIFT_VERSION = 5.0;
				TARGETED_DEVICE_FAMILY = "1,2";
				TEST_HOST = "$(BUILT_PRODUCTS_DIR)/Reeach.app/$(BUNDLE_EXECUTABLE_FOLDER_PATH)/Reeach";
			};
			name = Release;
		};
		FA9B12F128EBCF46001203F5 /* Debug */ = {
			isa = XCBuildConfiguration;
			buildSettings = {
				ALWAYS_EMBED_SWIFT_STANDARD_LIBRARIES = YES;
				CODE_SIGN_STYLE = Automatic;
				CURRENT_PROJECT_VERSION = 1;
				DEVELOPMENT_TEAM = AZQ73MXTBD;
				GENERATE_INFOPLIST_FILE = YES;
				MARKETING_VERSION = 1.0;
				PRODUCT_BUNDLE_IDENTIFIER = com.depressure.ReeachUITests;
				PRODUCT_NAME = "$(TARGET_NAME)";
				SWIFT_EMIT_LOC_STRINGS = NO;
				SWIFT_VERSION = 5.0;
				TARGETED_DEVICE_FAMILY = "1,2";
				TEST_TARGET_NAME = Reeach;
			};
			name = Debug;
		};
		FA9B12F228EBCF46001203F5 /* Release */ = {
			isa = XCBuildConfiguration;
			buildSettings = {
				ALWAYS_EMBED_SWIFT_STANDARD_LIBRARIES = YES;
				CODE_SIGN_STYLE = Automatic;
				CURRENT_PROJECT_VERSION = 1;
				DEVELOPMENT_TEAM = AZQ73MXTBD;
				GENERATE_INFOPLIST_FILE = YES;
				MARKETING_VERSION = 1.0;
				PRODUCT_BUNDLE_IDENTIFIER = com.depressure.ReeachUITests;
				PRODUCT_NAME = "$(TARGET_NAME)";
				SWIFT_EMIT_LOC_STRINGS = NO;
				SWIFT_VERSION = 5.0;
				TARGETED_DEVICE_FAMILY = "1,2";
				TEST_TARGET_NAME = Reeach;
			};
			name = Release;
		};
/* End XCBuildConfiguration section */

/* Begin XCConfigurationList section */
		FA9B12B828EBCF44001203F5 /* Build configuration list for PBXProject "Reeach" */ = {
			isa = XCConfigurationList;
			buildConfigurations = (
				FA9B12E828EBCF46001203F5 /* Debug */,
				FA9B12E928EBCF46001203F5 /* Release */,
			);
			defaultConfigurationIsVisible = 0;
			defaultConfigurationName = Release;
		};
		FA9B12EA28EBCF46001203F5 /* Build configuration list for PBXNativeTarget "Reeach" */ = {
			isa = XCConfigurationList;
			buildConfigurations = (
				FA9B12EB28EBCF46001203F5 /* Debug */,
				FA9B12EC28EBCF46001203F5 /* Release */,
			);
			defaultConfigurationIsVisible = 0;
			defaultConfigurationName = Release;
		};
		FA9B12ED28EBCF46001203F5 /* Build configuration list for PBXNativeTarget "ReeachTests" */ = {
			isa = XCConfigurationList;
			buildConfigurations = (
				FA9B12EE28EBCF46001203F5 /* Debug */,
				FA9B12EF28EBCF46001203F5 /* Release */,
			);
			defaultConfigurationIsVisible = 0;
			defaultConfigurationName = Release;
		};
		FA9B12F028EBCF46001203F5 /* Build configuration list for PBXNativeTarget "ReeachUITests" */ = {
			isa = XCConfigurationList;
			buildConfigurations = (
				FA9B12F128EBCF46001203F5 /* Debug */,
				FA9B12F228EBCF46001203F5 /* Release */,
			);
			defaultConfigurationIsVisible = 0;
			defaultConfigurationName = Release;
		};
/* End XCConfigurationList section */

/* Begin XCVersionGroup section */
		FA9B12C928EBCF44001203F5 /* Reeach.xcdatamodeld */ = {
			isa = XCVersionGroup;
			children = (
				FA9B12CA28EBCF44001203F5 /* Reeach.xcdatamodel */,
			);
			currentVersion = FA9B12CA28EBCF44001203F5 /* Reeach.xcdatamodel */;
			path = Reeach.xcdatamodeld;
			sourceTree = "<group>";
			versionGroupType = wrapper.xcdatamodel;
		};
/* End XCVersionGroup section */
	};
	rootObject = FA9B12B528EBCF44001203F5 /* Project object */;
}
